// !$*UTF8*$!
{
	archiveVersion = 1;
	classes = {
	};
	objectVersion = 48;
	objects = {

/* Begin PBXBuildFile section */
		F396820C1F8DE3D100F7616C /* AppDelegate.swift in Sources */ = {isa = PBXBuildFile; fileRef = F396820B1F8DE3D100F7616C /* AppDelegate.swift */; };
		F396820E1F8DE3D100F7616C /* ViewController.swift in Sources */ = {isa = PBXBuildFile; fileRef = F396820D1F8DE3D100F7616C /* ViewController.swift */; };
		F39682111F8DE3D100F7616C /* Main.storyboard in Resources */ = {isa = PBXBuildFile; fileRef = F396820F1F8DE3D100F7616C /* Main.storyboard */; };
		F39682131F8DE3D100F7616C /* Assets.xcassets in Resources */ = {isa = PBXBuildFile; fileRef = F39682121F8DE3D100F7616C /* Assets.xcassets */; };
		F39682161F8DE3D100F7616C /* LaunchScreen.storyboard in Resources */ = {isa = PBXBuildFile; fileRef = F39682141F8DE3D100F7616C /* LaunchScreen.storyboard */; };
		F39682211F8DE3D100F7616C /* CalculatorTests.swift in Sources */ = {isa = PBXBuildFile; fileRef = F39682201F8DE3D100F7616C /* CalculatorTests.swift */; };
		F396822C1F8DE3D100F7616C /* CalculatorUITests.swift in Sources */ = {isa = PBXBuildFile; fileRef = F396822B1F8DE3D100F7616C /* CalculatorUITests.swift */; };
/* End PBXBuildFile section */

/* Begin PBXContainerItemProxy section */
		F396821D1F8DE3D100F7616C /* PBXContainerItemProxy */ = {
			isa = PBXContainerItemProxy;
			containerPortal = F39682001F8DE3D100F7616C /* Project object */;
			proxyType = 1;
			remoteGlobalIDString = F39682071F8DE3D100F7616C;
			remoteInfo = Calculator;
		};
		F39682281F8DE3D100F7616C /* PBXContainerItemProxy */ = {
			isa = PBXContainerItemProxy;
			containerPortal = F39682001F8DE3D100F7616C /* Project object */;
			proxyType = 1;
			remoteGlobalIDString = F39682071F8DE3D100F7616C;
			remoteInfo = Calculator;
		};
/* End PBXContainerItemProxy section */

/* Begin PBXFileReference section */
		F39682081F8DE3D100F7616C /* Calculator.app */ = {isa = PBXFileReference; explicitFileType = wrapper.application; includeInIndex = 0; path = Calculator.app; sourceTree = BUILT_PRODUCTS_DIR; };
		F396820B1F8DE3D100F7616C /* AppDelegate.swift */ = {isa = PBXFileReference; lastKnownFileType = sourcecode.swift; path = AppDelegate.swift; sourceTree = "<group>"; };
		F396820D1F8DE3D100F7616C /* ViewController.swift */ = {isa = PBXFileReference; lastKnownFileType = sourcecode.swift; path = ViewController.swift; sourceTree = "<group>"; };
		F39682101F8DE3D100F7616C /* Base */ = {isa = PBXFileReference; lastKnownFileType = file.storyboard; name = Base; path = Base.lproj/Main.storyboard; sourceTree = "<group>"; };
		F39682121F8DE3D100F7616C /* Assets.xcassets */ = {isa = PBXFileReference; lastKnownFileType = folder.assetcatalog; path = Assets.xcassets; sourceTree = "<group>"; };
		F39682151F8DE3D100F7616C /* Base */ = {isa = PBXFileReference; lastKnownFileType = file.storyboard; name = Base; path = Base.lproj/LaunchScreen.storyboard; sourceTree = "<group>"; };
		F39682171F8DE3D100F7616C /* Info.plist */ = {isa = PBXFileReference; lastKnownFileType = text.plist.xml; path = Info.plist; sourceTree = "<group>"; };
		F396821C1F8DE3D100F7616C /* CalculatorTests.xctest */ = {isa = PBXFileReference; explicitFileType = wrapper.cfbundle; includeInIndex = 0; path = CalculatorTests.xctest; sourceTree = BUILT_PRODUCTS_DIR; };
		F39682201F8DE3D100F7616C /* CalculatorTests.swift */ = {isa = PBXFileReference; lastKnownFileType = sourcecode.swift; path = CalculatorTests.swift; sourceTree = "<group>"; };
		F39682221F8DE3D100F7616C /* Info.plist */ = {isa = PBXFileReference; lastKnownFileType = text.plist.xml; path = Info.plist; sourceTree = "<group>"; };
		F39682271F8DE3D100F7616C /* CalculatorUITests.xctest */ = {isa = PBXFileReference; explicitFileType = wrapper.cfbundle; includeInIndex = 0; path = CalculatorUITests.xctest; sourceTree = BUILT_PRODUCTS_DIR; };
		F396822B1F8DE3D100F7616C /* CalculatorUITests.swift */ = {isa = PBXFileReference; lastKnownFileType = sourcecode.swift; path = CalculatorUITests.swift; sourceTree = "<group>"; };
		F396822D1F8DE3D100F7616C /* Info.plist */ = {isa = PBXFileReference; lastKnownFileType = text.plist.xml; path = Info.plist; sourceTree = "<group>"; };
/* End PBXFileReference section */

/* Begin PBXFrameworksBuildPhase section */
		F39682051F8DE3D100F7616C /* Frameworks */ = {
			isa = PBXFrameworksBuildPhase;
			buildActionMask = 2147483647;
			files = (
			);
			runOnlyForDeploymentPostprocessing = 0;
		};
		F39682191F8DE3D100F7616C /* Frameworks */ = {
			isa = PBXFrameworksBuildPhase;
			buildActionMask = 2147483647;
			files = (
			);
			runOnlyForDeploymentPostprocessing = 0;
		};
		F39682241F8DE3D100F7616C /* Frameworks */ = {
			isa = PBXFrameworksBuildPhase;
			buildActionMask = 2147483647;
			files = (
			);
			runOnlyForDeploymentPostprocessing = 0;
		};
/* End PBXFrameworksBuildPhase section */

/* Begin PBXGroup section */
		F39681FF1F8DE3D100F7616C = {
			isa = PBXGroup;
			children = (
				F396820A1F8DE3D100F7616C /* Calculator */,
				F396821F1F8DE3D100F7616C /* CalculatorTests */,
				F396822A1F8DE3D100F7616C /* CalculatorUITests */,
				F39682091F8DE3D100F7616C /* Products */,
			);
			sourceTree = "<group>";
		};
		F39682091F8DE3D100F7616C /* Products */ = {
			isa = PBXGroup;
			children = (
				F39682081F8DE3D100F7616C /* Calculator.app */,
				F396821C1F8DE3D100F7616C /* CalculatorTests.xctest */,
				F39682271F8DE3D100F7616C /* CalculatorUITests.xctest */,
			);
			name = Products;
			sourceTree = "<group>";
		};
		F396820A1F8DE3D100F7616C /* Calculator */ = {
			isa = PBXGroup;
			children = (
				F396820B1F8DE3D100F7616C /* AppDelegate.swift */,
				F396820D1F8DE3D100F7616C /* ViewController.swift */,
				F396820F1F8DE3D100F7616C /* Main.storyboard */,
				F39682121F8DE3D100F7616C /* Assets.xcassets */,
				F39682141F8DE3D100F7616C /* LaunchScreen.storyboard */,
				F39682171F8DE3D100F7616C /* Info.plist */,
			);
			path = Calculator;
			sourceTree = "<group>";
		};
		F396821F1F8DE3D100F7616C /* CalculatorTests */ = {
			isa = PBXGroup;
			children = (
				F39682201F8DE3D100F7616C /* CalculatorTests.swift */,
				F39682221F8DE3D100F7616C /* Info.plist */,
			);
			path = CalculatorTests;
			sourceTree = "<group>";
		};
		F396822A1F8DE3D100F7616C /* CalculatorUITests */ = {
			isa = PBXGroup;
			children = (
				F396822B1F8DE3D100F7616C /* CalculatorUITests.swift */,
				F396822D1F8DE3D100F7616C /* Info.plist */,
			);
			path = CalculatorUITests;
			sourceTree = "<group>";
		};
/* End PBXGroup section */

/* Begin PBXNativeTarget section */
		F39682071F8DE3D100F7616C /* Calculator */ = {
			isa = PBXNativeTarget;
			buildConfigurationList = F39682301F8DE3D100F7616C /* Build configuration list for PBXNativeTarget "Calculator" */;
			buildPhases = (
				F39682041F8DE3D100F7616C /* Sources */,
				F39682051F8DE3D100F7616C /* Frameworks */,
				F39682061F8DE3D100F7616C /* Resources */,
			);
			buildRules = (
			);
			dependencies = (
			);
			name = Calculator;
			productName = Calculator;
			productReference = F39682081F8DE3D100F7616C /* Calculator.app */;
			productType = "com.apple.product-type.application";
		};
		F396821B1F8DE3D100F7616C /* CalculatorTests */ = {
			isa = PBXNativeTarget;
			buildConfigurationList = F39682331F8DE3D100F7616C /* Build configuration list for PBXNativeTarget "CalculatorTests" */;
			buildPhases = (
				F39682181F8DE3D100F7616C /* Sources */,
				F39682191F8DE3D100F7616C /* Frameworks */,
				F396821A1F8DE3D100F7616C /* Resources */,
			);
			buildRules = (
			);
			dependencies = (
				F396821E1F8DE3D100F7616C /* PBXTargetDependency */,
			);
			name = CalculatorTests;
			productName = CalculatorTests;
			productReference = F396821C1F8DE3D100F7616C /* CalculatorTests.xctest */;
			productType = "com.apple.product-type.bundle.unit-test";
		};
		F39682261F8DE3D100F7616C /* CalculatorUITests */ = {
			isa = PBXNativeTarget;
			buildConfigurationList = F39682361F8DE3D100F7616C /* Build configuration list for PBXNativeTarget "CalculatorUITests" */;
			buildPhases = (
				F39682231F8DE3D100F7616C /* Sources */,
				F39682241F8DE3D100F7616C /* Frameworks */,
				F39682251F8DE3D100F7616C /* Resources */,
			);
			buildRules = (
			);
			dependencies = (
				F39682291F8DE3D100F7616C /* PBXTargetDependency */,
			);
			name = CalculatorUITests;
			productName = CalculatorUITests;
			productReference = F39682271F8DE3D100F7616C /* CalculatorUITests.xctest */;
			productType = "com.apple.product-type.bundle.ui-testing";
		};
/* End PBXNativeTarget section */

/* Begin PBXProject section */
		F39682001F8DE3D100F7616C /* Project object */ = {
			isa = PBXProject;
			attributes = {
				LastSwiftUpdateCheck = 0900;
				LastUpgradeCheck = 0900;
				ORGANIZATIONNAME = "Greg Coulter";
				TargetAttributes = {
					F39682071F8DE3D100F7616C = {
						CreatedOnToolsVersion = 9.0;
						ProvisioningStyle = Automatic;
					};
					F396821B1F8DE3D100F7616C = {
						CreatedOnToolsVersion = 9.0;
						ProvisioningStyle = Automatic;
						TestTargetID = F39682071F8DE3D100F7616C;
					};
					F39682261F8DE3D100F7616C = {
						CreatedOnToolsVersion = 9.0;
						ProvisioningStyle = Automatic;
						TestTargetID = F39682071F8DE3D100F7616C;
					};
				};
			};
			buildConfigurationList = F39682031F8DE3D100F7616C /* Build configuration list for PBXProject "Calculator" */;
			compatibilityVersion = "Xcode 8.0";
			developmentRegion = en;
			hasScannedForEncodings = 0;
			knownRegions = (
				en,
				Base,
			);
			mainGroup = F39681FF1F8DE3D100F7616C;
			productRefGroup = F39682091F8DE3D100F7616C /* Products */;
			projectDirPath = "";
			projectRoot = "";
			targets = (
				F39682071F8DE3D100F7616C /* Calculator */,
				F396821B1F8DE3D100F7616C /* CalculatorTests */,
				F39682261F8DE3D100F7616C /* CalculatorUITests */,
			);
		};
/* End PBXProject section */

/* Begin PBXResourcesBuildPhase section */
		F39682061F8DE3D100F7616C /* Resources */ = {
			isa = PBXResourcesBuildPhase;
			buildActionMask = 2147483647;
			files = (
				F39682161F8DE3D100F7616C /* LaunchScreen.storyboard in Resources */,
				F39682131F8DE3D100F7616C /* Assets.xcassets in Resources */,
				F39682111F8DE3D100F7616C /* Main.storyboard in Resources */,
			);
			runOnlyForDeploymentPostprocessing = 0;
		};
		F396821A1F8DE3D100F7616C /* Resources */ = {
			isa = PBXResourcesBuildPhase;
			buildActionMask = 2147483647;
			files = (
			);
			runOnlyForDeploymentPostprocessing = 0;
		};
		F39682251F8DE3D100F7616C /* Resources */ = {
			isa = PBXResourcesBuildPhase;
			buildActionMask = 2147483647;
			files = (
			);
			runOnlyForDeploymentPostprocessing = 0;
		};
/* End PBXResourcesBuildPhase section */

/* Begin PBXSourcesBuildPhase section */
		F39682041F8DE3D100F7616C /* Sources */ = {
			isa = PBXSourcesBuildPhase;
			buildActionMask = 2147483647;
			files = (
				F396820E1F8DE3D100F7616C /* ViewController.swift in Sources */,
				F396820C1F8DE3D100F7616C /* AppDelegate.swift in Sources */,
			);
			runOnlyForDeploymentPostprocessing = 0;
		};
		F39682181F8DE3D100F7616C /* Sources */ = {
			isa = PBXSourcesBuildPhase;
			buildActionMask = 2147483647;
			files = (
				F39682211F8DE3D100F7616C /* CalculatorTests.swift in Sources */,
			);
			runOnlyForDeploymentPostprocessing = 0;
		};
		F39682231F8DE3D100F7616C /* Sources */ = {
			isa = PBXSourcesBuildPhase;
			buildActionMask = 2147483647;
			files = (
				F396822C1F8DE3D100F7616C /* CalculatorUITests.swift in Sources */,
			);
			runOnlyForDeploymentPostprocessing = 0;
		};
/* End PBXSourcesBuildPhase section */

/* Begin PBXTargetDependency section */
		F396821E1F8DE3D100F7616C /* PBXTargetDependency */ = {
			isa = PBXTargetDependency;
			target = F39682071F8DE3D100F7616C /* Calculator */;
			targetProxy = F396821D1F8DE3D100F7616C /* PBXContainerItemProxy */;
		};
		F39682291F8DE3D100F7616C /* PBXTargetDependency */ = {
			isa = PBXTargetDependency;
			target = F39682071F8DE3D100F7616C /* Calculator */;
			targetProxy = F39682281F8DE3D100F7616C /* PBXContainerItemProxy */;
		};
/* End PBXTargetDependency section */

/* Begin PBXVariantGroup section */
		F396820F1F8DE3D100F7616C /* Main.storyboard */ = {
			isa = PBXVariantGroup;
			children = (
				F39682101F8DE3D100F7616C /* Base */,
			);
			name = Main.storyboard;
			sourceTree = "<group>";
		};
		F39682141F8DE3D100F7616C /* LaunchScreen.storyboard */ = {
			isa = PBXVariantGroup;
			children = (
				F39682151F8DE3D100F7616C /* Base */,
			);
			name = LaunchScreen.storyboard;
			sourceTree = "<group>";
		};
/* End PBXVariantGroup section */

/* Begin XCBuildConfiguration section */
		F396822E1F8DE3D100F7616C /* Debug */ = {
			isa = XCBuildConfiguration;
			buildSettings = {
				ALWAYS_SEARCH_USER_PATHS = NO;
				CLANG_ANALYZER_NONNULL = YES;
				CLANG_ANALYZER_NUMBER_OBJECT_CONVERSION = YES_AGGRESSIVE;
				CLANG_CXX_LANGUAGE_STANDARD = "gnu++14";
				CLANG_CXX_LIBRARY = "libc++";
				CLANG_ENABLE_MODULES = YES;
				CLANG_ENABLE_OBJC_ARC = YES;
				CLANG_WARN_BLOCK_CAPTURE_AUTORELEASING = YES;
				CLANG_WARN_BOOL_CONVERSION = YES;
				CLANG_WARN_COMMA = YES;
				CLANG_WARN_CONSTANT_CONVERSION = YES;
				CLANG_WARN_DIRECT_OBJC_ISA_USAGE = YES_ERROR;
				CLANG_WARN_DOCUMENTATION_COMMENTS = YES;
				CLANG_WARN_EMPTY_BODY = YES;
				CLANG_WARN_ENUM_CONVERSION = YES;
				CLANG_WARN_INFINITE_RECURSION = YES;
				CLANG_WARN_INT_CONVERSION = YES;
				CLANG_WARN_NON_LITERAL_NULL_CONVERSION = YES;
				CLANG_WARN_OBJC_LITERAL_CONVERSION = YES;
				CLANG_WARN_OBJC_ROOT_CLASS = YES_ERROR;
				CLANG_WARN_RANGE_LOOP_ANALYSIS = YES;
				CLANG_WARN_STRICT_PROTOTYPES = YES;
				CLANG_WARN_SUSPICIOUS_MOVE = YES;
				CLANG_WARN_UNGUARDED_AVAILABILITY = YES_AGGRESSIVE;
				CLANG_WARN_UNREACHABLE_CODE = YES;
				CLANG_WARN__DUPLICATE_METHOD_MATCH = YES;
				CODE_SIGN_IDENTITY = "iPhone Developer";
				COPY_PHASE_STRIP = NO;
				DEBUG_INFORMATION_FORMAT = dwarf;
				ENABLE_STRICT_OBJC_MSGSEND = YES;
				ENABLE_TESTABILITY = YES;
				GCC_C_LANGUAGE_STANDARD = gnu11;
				GCC_DYNAMIC_NO_PIC = NO;
				GCC_NO_COMMON_BLOCKS = YES;
				GCC_OPTIMIZATION_LEVEL = 0;
				GCC_PREPROCESSOR_DEFINITIONS = (
					"DEBUG=1",
					"$(inherited)",
				);
				GCC_WARN_64_TO_32_BIT_CONVERSION = YES;
				GCC_WARN_ABOUT_RETURN_TYPE = YES_ERROR;
				GCC_WARN_UNDECLARED_SELECTOR = YES;
				GCC_WARN_UNINITIALIZED_AUTOS = YES_AGGRESSIVE;
				GCC_WARN_UNUSED_FUNCTION = YES;
				GCC_WARN_UNUSED_VARIABLE = YES;
				IPHONEOS_DEPLOYMENT_TARGET = 11.0;
				MTL_ENABLE_DEBUG_INFO = YES;
				ONLY_ACTIVE_ARCH = YES;
				SDKROOT = iphoneos;
				SWIFT_ACTIVE_COMPILATION_CONDITIONS = DEBUG;
				SWIFT_OPTIMIZATION_LEVEL = "-Onone";
			};
			name = Debug;
		};
		F396822F1F8DE3D100F7616C /* Release */ = {
			isa = XCBuildConfiguration;
			buildSettings = {
				ALWAYS_SEARCH_USER_PATHS = NO;
				CLANG_ANALYZER_NONNULL = YES;
				CLANG_ANALYZER_NUMBER_OBJECT_CONVERSION = YES_AGGRESSIVE;
				CLANG_CXX_LANGUAGE_STANDARD = "gnu++14";
				CLANG_CXX_LIBRARY = "libc++";
				CLANG_ENABLE_MODULES = YES;
				CLANG_ENABLE_OBJC_ARC = YES;
				CLANG_WARN_BLOCK_CAPTURE_AUTORELEASING = YES;
				CLANG_WARN_BOOL_CONVERSION = YES;
				CLANG_WARN_COMMA = YES;
				CLANG_WARN_CONSTANT_CONVERSION = YES;
				CLANG_WARN_DIRECT_OBJC_ISA_USAGE = YES_ERROR;
				CLANG_WARN_DOCUMENTATION_COMMENTS = YES;
				CLANG_WARN_EMPTY_BODY = YES;
				CLANG_WARN_ENUM_CONVERSION = YES;
				CLANG_WARN_INFINITE_RECURSION = YES;
				CLANG_WARN_INT_CONVERSION = YES;
				CLANG_WARN_NON_LITERAL_NULL_CONVERSION = YES;
				CLANG_WARN_OBJC_LITERAL_CONVERSION = YES;
				CLANG_WARN_OBJC_ROOT_CLASS = YES_ERROR;
				CLANG_WARN_RANGE_LOOP_ANALYSIS = YES;
				CLANG_WARN_STRICT_PROTOTYPES = YES;
				CLANG_WARN_SUSPICIOUS_MOVE = YES;
				CLANG_WARN_UNGUARDED_AVAILABILITY = YES_AGGRESSIVE;
				CLANG_WARN_UNREACHABLE_CODE = YES;
				CLANG_WARN__DUPLICATE_METHOD_MATCH = YES;
				CODE_SIGN_IDENTITY = "iPhone Developer";
				COPY_PHASE_STRIP = NO;
				DEBUG_INFORMATION_FORMAT = "dwarf-with-dsym";
				ENABLE_NS_ASSERTIONS = NO;
				ENABLE_STRICT_OBJC_MSGSEND = YES;
				GCC_C_LANGUAGE_STANDARD = gnu11;
				GCC_NO_COMMON_BLOCKS = YES;
				GCC_WARN_64_TO_32_BIT_CONVERSION = YES;
				GCC_WARN_ABOUT_RETURN_TYPE = YES_ERROR;
				GCC_WARN_UNDECLARED_SELECTOR = YES;
				GCC_WARN_UNINITIALIZED_AUTOS = YES_AGGRESSIVE;
				GCC_WARN_UNUSED_FUNCTION = YES;
				GCC_WARN_UNUSED_VARIABLE = YES;
				IPHONEOS_DEPLOYMENT_TARGET = 11.0;
				MTL_ENABLE_DEBUG_INFO = NO;
				SDKROOT = iphoneos;
				SWIFT_OPTIMIZATION_LEVEL = "-Owholemodule";
				VALIDATE_PRODUCT = YES;
			};
			name = Release;
		};
		F39682311F8DE3D100F7616C /* Debug */ = {
			isa = XCBuildConfiguration;
			buildSettings = {
				ASSETCATALOG_COMPILER_APPICON_NAME = AppIcon;
				CODE_SIGN_STYLE = Automatic;
				INFOPLIST_FILE = Calculator/Info.plist;
				LD_RUNPATH_SEARCH_PATHS = "$(inherited) @executable_path/Frameworks";
				PRODUCT_BUNDLE_IDENTIFIER = temp.Calculator;
				PRODUCT_NAME = "$(TARGET_NAME)";
				SWIFT_VERSION = 4.0;
				TARGETED_DEVICE_FAMILY = "1,2";
			};
			name = Debug;
		};
		F39682321F8DE3D100F7616C /* Release */ = {
			isa = XCBuildConfiguration;
			buildSettings = {
				ASSETCATALOG_COMPILER_APPICON_NAME = AppIcon;
				CODE_SIGN_STYLE = Automatic;
				INFOPLIST_FILE = Calculator/Info.plist;
				LD_RUNPATH_SEARCH_PATHS = "$(inherited) @executable_path/Frameworks";
				PRODUCT_BUNDLE_IDENTIFIER = temp.Calculator;
				PRODUCT_NAME = "$(TARGET_NAME)";
				SWIFT_VERSION = 4.0;
				TARGETED_DEVICE_FAMILY = "1,2";
			};
			name = Release;
		};
		F39682341F8DE3D100F7616C /* Debug */ = {
			isa = XCBuildConfiguration;
			buildSettings = {
				ALWAYS_EMBED_SWIFT_STANDARD_LIBRARIES = YES;
				BUNDLE_LOADER = "$(TEST_HOST)";
				CODE_SIGN_STYLE = Automatic;
				INFOPLIST_FILE = CalculatorTests/Info.plist;
				LD_RUNPATH_SEARCH_PATHS = "$(inherited) @executable_path/Frameworks @loader_path/Frameworks";
				PRODUCT_BUNDLE_IDENTIFIER = temp.CalculatorTests;
				PRODUCT_NAME = "$(TARGET_NAME)";
				SWIFT_VERSION = 4.0;
				TARGETED_DEVICE_FAMILY = "1,2";
				TEST_HOST = "$(BUILT_PRODUCTS_DIR)/Calculator.app/Calculator";
			};
			name = Debug;
		};
		F39682351F8DE3D100F7616C /* Release */ = {
			isa = XCBuildConfiguration;
			buildSettings = {
				ALWAYS_EMBED_SWIFT_STANDARD_LIBRARIES = YES;
				BUNDLE_LOADER = "$(TEST_HOST)";
				CODE_SIGN_STYLE = Automatic;
				INFOPLIST_FILE = CalculatorTests/Info.plist;
				LD_RUNPATH_SEARCH_PATHS = "$(inherited) @executable_path/Frameworks @loader_path/Frameworks";
				PRODUCT_BUNDLE_IDENTIFIER = temp.CalculatorTests;
				PRODUCT_NAME = "$(TARGET_NAME)";
				SWIFT_VERSION = 4.0;
				TARGETED_DEVICE_FAMILY = "1,2";
				TEST_HOST = "$(BUILT_PRODUCTS_DIR)/Calculator.app/Calculator";
			};
			name = Release;
		};
		F39682371F8DE3D100F7616C /* Debug */ = {
			isa = XCBuildConfiguration;
			buildSettings = {
				ALWAYS_EMBED_SWIFT_STANDARD_LIBRARIES = YES;
				CODE_SIGN_STYLE = Automatic;
				INFOPLIST_FILE = CalculatorUITests/Info.plist;
				LD_RUNPATH_SEARCH_PATHS = "$(inherited) @executable_path/Frameworks @loader_path/Frameworks";
				PRODUCT_BUNDLE_IDENTIFIER = temp.CalculatorUITests;
				PRODUCT_NAME = "$(TARGET_NAME)";
				SWIFT_VERSION = 4.0;
				TARGETED_DEVICE_FAMILY = "1,2";
				TEST_TARGET_NAME = Calculator;
			};
			name = Debug;
		};
		F39682381F8DE3D100F7616C /* Release */ = {
			isa = XCBuildConfiguration;
			buildSettings = {
				ALWAYS_EMBED_SWIFT_STANDARD_LIBRARIES = YES;
				CODE_SIGN_STYLE = Automatic;
				INFOPLIST_FILE = CalculatorUITests/Info.plist;
				LD_RUNPATH_SEARCH_PATHS = "$(inherited) @executable_path/Frameworks @loader_path/Frameworks";
				PRODUCT_BUNDLE_IDENTIFIER = temp.CalculatorUITests;
				PRODUCT_NAME = "$(TARGET_NAME)";
				SWIFT_VERSION = 4.0;
				TARGETED_DEVICE_FAMILY = "1,2";
				TEST_TARGET_NAME = Calculator;
			};
			name = Release;
		};
/* End XCBuildConfiguration section */

/* Begin XCConfigurationList section */
		F39682031F8DE3D100F7616C /* Build configuration list for PBXProject "Calculator" */ = {
			isa = XCConfigurationList;
			buildConfigurations = (
				F396822E1F8DE3D100F7616C /* Debug */,
				F396822F1F8DE3D100F7616C /* Release */,
			);
			defaultConfigurationIsVisible = 0;
			defaultConfigurationName = Release;
		};
		F39682301F8DE3D100F7616C /* Build configuration list for PBXNativeTarget "Calculator" */ = {
			isa = XCConfigurationList;
			buildConfigurations = (
				F39682311F8DE3D100F7616C /* Debug */,
				F39682321F8DE3D100F7616C /* Release */,
			);
			defaultConfigurationIsVisible = 0;
			defaultConfigurationName = Release;
		};
		F39682331F8DE3D100F7616C /* Build configuration list for PBXNativeTarget "CalculatorTests" */ = {
			isa = XCConfigurationList;
			buildConfigurations = (
				F39682341F8DE3D100F7616C /* Debug */,
				F39682351F8DE3D100F7616C /* Release */,
			);
			defaultConfigurationIsVisible = 0;
			defaultConfigurationName = Release;
		};
		F39682361F8DE3D100F7616C /* Build configuration list for PBXNativeTarget "CalculatorUITests" */ = {
			isa = XCConfigurationList;
			buildConfigurations = (
				F39682371F8DE3D100F7616C /* Debug */,
				F39682381F8DE3D100F7616C /* Release */,
			);
			defaultConfigurationIsVisible = 0;
			defaultConfigurationName = Release;
		};
/* End XCConfigurationList section */
	};
	rootObject = F39682001F8DE3D100F7616C /* Project object */;
}
